
Microsoft Visual Studio Solution File, Format Version 12.00
# Visual Studio Version 17
VisualStudioVersion = 17.14.36518.9 d17.14
MinimumVisualStudioVersion = 10.0.40219.1
Project("{FAE04EC0-301F-11D3-BF4B-00C04F79EFBC}") = "MealieToTodoist.Console", "MealieToTodist.Console\MealieToTodoist.Console.csproj", "{87CFE345-0C7E-4CF0-9BE7-F31ABBB7230D}"
EndProject
Project("{FAE04EC0-301F-11D3-BF4B-00C04F79EFBC}") = "MealieToTodoist.Domain", "MealieToTodist.Domain\MealieToTodoist.Domain.csproj", "{9CDCD629-EC78-4ACF-8BC5-E00855AB3F46}"
EndProject
Global
	GlobalSection(SolutionConfigurationPlatforms) = preSolution
		Debug|Any CPU = Debug|Any CPU
		Release|Any CPU = Release|Any CPU
	EndGlobalSection
	GlobalSection(ProjectConfigurationPlatforms) = postSolution
		{87CFE345-0C7E-4CF0-9BE7-F31ABBB7230D}.Debug|Any CPU.ActiveCfg = Debug|Any CPU
		{87CFE345-0C7E-4CF0-9BE7-F31ABBB7230D}.Debug|Any CPU.Build.0 = Debug|Any CPU
		{87CFE345-0C7E-4CF0-9BE7-F31ABBB7230D}.Release|Any CPU.ActiveCfg = Release|Any CPU
		{87CFE345-0C7E-4CF0-9BE7-F31ABBB7230D}.Release|Any CPU.Build.0 = Release|Any CPU
		{9CDCD629-EC78-4ACF-8BC5-E00855AB3F46}.Debug|Any CPU.ActiveCfg = Debug|Any CPU
		{9CDCD629-EC78-4ACF-8BC5-E00855AB3F46}.Debug|Any CPU.Build.0 = Debug|Any CPU
		{9CDCD629-EC78-4ACF-8BC5-E00855AB3F46}.Release|Any CPU.ActiveCfg = Release|Any CPU
		{9CDCD629-EC78-4ACF-8BC5-E00855AB3F46}.Release|Any CPU.Build.0 = Release|Any CPU
	EndGlobalSection
	GlobalSection(SolutionProperties) = preSolution
		HideSolutionNode = FALSE
	EndGlobalSection
	GlobalSection(ExtensibilityGlobals) = postSolution
		SolutionGuid = {DDB8F316-9B54-47C0-8F87-73108EAA24EF}
	EndGlobalSection
EndGlobal
